
Microsoft Visual Studio Solution File, Format Version 12.00
# Visual Studio 2012
Project("{FAE04EC0-301F-11D3-BF4B-00C04F79EFBC}") = "NEOEscrow", "NEOEscrow\NEOEscrow.csproj", "{6832DB95-E20B-4AFD-81EE-6480CD91083A}"
EndProject
Global
	GlobalSection(SolutionConfigurationPlatforms) = preSolution
		Debug|Any CPU = Debug|Any CPU
		Release|Any CPU = Release|Any CPU
	EndGlobalSection
	GlobalSection(ProjectConfigurationPlatforms) = postSolution
		{6832DB95-E20B-4AFD-81EE-6480CD91083A}.Debug|Any CPU.ActiveCfg = Debug|Any CPU
		{6832DB95-E20B-4AFD-81EE-6480CD91083A}.Debug|Any CPU.Build.0 = Debug|Any CPU
		{6832DB95-E20B-4AFD-81EE-6480CD91083A}.Release|Any CPU.ActiveCfg = Release|Any CPU
		{6832DB95-E20B-4AFD-81EE-6480CD91083A}.Release|Any CPU.Build.0 = Release|Any CPU
	EndGlobalSection
EndGlobal
